
Microsoft Visual Studio Solution File, Format Version 12.00
# Visual Studio Version 16
VisualStudioVersion = 16.0.29409.12
MinimumVisualStudioVersion = 10.0.40219.1
Project("{9A19103F-16F7-4668-BE54-9A1E7A4F7556}") = "IOC", "IOC\IOC.csproj", "{E1673A5E-C9FA-4F1F-A51F-F96F5BEED36F}"
EndProject
Project("{9A19103F-16F7-4668-BE54-9A1E7A4F7556}") = "IOC.Demo", "IOC.Demo\IOC.Demo.csproj", "{3C3EAE91-C02B-49C4-9D34-EAD6F44BF594}"
EndProject
Project("{9A19103F-16F7-4668-BE54-9A1E7A4F7556}") = "ORM", "ORM\ORM.csproj", "{C2360B37-2C20-4953-9A38-C2CE20FA65AB}"
EndProject
Project("{9A19103F-16F7-4668-BE54-9A1E7A4F7556}") = "ORM.Demo", "ORM.Demo\ORM.Demo.csproj", "{A840BE55-95F4-4BDF-B2CF-5570D4076A54}"
EndProject
Project("{FAE04EC0-301F-11D3-BF4B-00C04F79EFBC}") = "MVC", "MVC\MVC.csproj", "{258DA5FF-2405-4C02-83E3-51484CFB9FD7}"
EndProject
Project("{FAE04EC0-301F-11D3-BF4B-00C04F79EFBC}") = "MVC.Demo", "MVC.Demo\MVC.Demo.csproj", "{5368848B-D744-404F-BC24-786B0D75671B}"
EndProject
Global
	GlobalSection(SolutionConfigurationPlatforms) = preSolution
		Debug|Any CPU = Debug|Any CPU
		Release|Any CPU = Release|Any CPU
	EndGlobalSection
	GlobalSection(ProjectConfigurationPlatforms) = postSolution
		{E1673A5E-C9FA-4F1F-A51F-F96F5BEED36F}.Debug|Any CPU.ActiveCfg = Debug|Any CPU
		{E1673A5E-C9FA-4F1F-A51F-F96F5BEED36F}.Debug|Any CPU.Build.0 = Debug|Any CPU
		{E1673A5E-C9FA-4F1F-A51F-F96F5BEED36F}.Release|Any CPU.ActiveCfg = Release|Any CPU
		{E1673A5E-C9FA-4F1F-A51F-F96F5BEED36F}.Release|Any CPU.Build.0 = Release|Any CPU
		{3C3EAE91-C02B-49C4-9D34-EAD6F44BF594}.Debug|Any CPU.ActiveCfg = Debug|Any CPU
		{3C3EAE91-C02B-49C4-9D34-EAD6F44BF594}.Debug|Any CPU.Build.0 = Debug|Any CPU
		{3C3EAE91-C02B-49C4-9D34-EAD6F44BF594}.Release|Any CPU.ActiveCfg = Release|Any CPU
		{3C3EAE91-C02B-49C4-9D34-EAD6F44BF594}.Release|Any CPU.Build.0 = Release|Any CPU
		{C2360B37-2C20-4953-9A38-C2CE20FA65AB}.Debug|Any CPU.ActiveCfg = Debug|Any CPU
		{C2360B37-2C20-4953-9A38-C2CE20FA65AB}.Debug|Any CPU.Build.0 = Debug|Any CPU
		{C2360B37-2C20-4953-9A38-C2CE20FA65AB}.Release|Any CPU.ActiveCfg = Release|Any CPU
		{C2360B37-2C20-4953-9A38-C2CE20FA65AB}.Release|Any CPU.Build.0 = Release|Any CPU
		{A840BE55-95F4-4BDF-B2CF-5570D4076A54}.Debug|Any CPU.ActiveCfg = Debug|Any CPU
		{A840BE55-95F4-4BDF-B2CF-5570D4076A54}.Debug|Any CPU.Build.0 = Debug|Any CPU
		{A840BE55-95F4-4BDF-B2CF-5570D4076A54}.Release|Any CPU.ActiveCfg = Release|Any CPU
		{A840BE55-95F4-4BDF-B2CF-5570D4076A54}.Release|Any CPU.Build.0 = Release|Any CPU
		{258DA5FF-2405-4C02-83E3-51484CFB9FD7}.Debug|Any CPU.ActiveCfg = Debug|Any CPU
		{258DA5FF-2405-4C02-83E3-51484CFB9FD7}.Debug|Any CPU.Build.0 = Debug|Any CPU
		{258DA5FF-2405-4C02-83E3-51484CFB9FD7}.Release|Any CPU.ActiveCfg = Release|Any CPU
		{258DA5FF-2405-4C02-83E3-51484CFB9FD7}.Release|Any CPU.Build.0 = Release|Any CPU
		{5368848B-D744-404F-BC24-786B0D75671B}.Debug|Any CPU.ActiveCfg = Debug|Any CPU
		{5368848B-D744-404F-BC24-786B0D75671B}.Debug|Any CPU.Build.0 = Debug|Any CPU
		{5368848B-D744-404F-BC24-786B0D75671B}.Release|Any CPU.ActiveCfg = Release|Any CPU
		{5368848B-D744-404F-BC24-786B0D75671B}.Release|Any CPU.Build.0 = Release|Any CPU
	EndGlobalSection
	GlobalSection(SolutionProperties) = preSolution
		HideSolutionNode = FALSE
	EndGlobalSection
	GlobalSection(ExtensibilityGlobals) = postSolution
		SolutionGuid = {E5F01804-E060-4776-8CE5-CCA6648032C7}
	EndGlobalSection
EndGlobal
